
Microsoft Visual Studio Solution File, Format Version 12.00
# Visual Studio Version 16
VisualStudioVersion = 16.0.30907.101
MinimumVisualStudioVersion = 10.0.40219.1
Project("{FAE04EC0-301F-11D3-BF4B-00C04F79EFBC}") = "egz", "egz\egz.csproj", "{1E8D75E4-1219-47FD-ADAA-DA0F836D8CE6}"
EndProject
Global
	GlobalSection(SolutionConfigurationPlatforms) = preSolution
		Debug|Any CPU = Debug|Any CPU
		Release|Any CPU = Release|Any CPU
	EndGlobalSection
	GlobalSection(ProjectConfigurationPlatforms) = postSolution
		{1E8D75E4-1219-47FD-ADAA-DA0F836D8CE6}.Debug|Any CPU.ActiveCfg = Debug|Any CPU
		{1E8D75E4-1219-47FD-ADAA-DA0F836D8CE6}.Debug|Any CPU.Build.0 = Debug|Any CPU
		{1E8D75E4-1219-47FD-ADAA-DA0F836D8CE6}.Release|Any CPU.ActiveCfg = Release|Any CPU
		{1E8D75E4-1219-47FD-ADAA-DA0F836D8CE6}.Release|Any CPU.Build.0 = Release|Any CPU
	EndGlobalSection
	GlobalSection(SolutionProperties) = preSolution
		HideSolutionNode = FALSE
	EndGlobalSection
	GlobalSection(ExtensibilityGlobals) = postSolution
		SolutionGuid = {74FE3FC7-A5CF-4885-AB53-1F6B7F66CF86}
	EndGlobalSection
EndGlobal
